
Microsoft Visual Studio Solution File, Format Version 12.00
# Visual Studio 2012
Project("{FAE04EC0-301F-11D3-BF4B-00C04F79EFBC}") = "Expenses.BL", "Expenses.BL\Expenses.BL.csproj", "{51A74DCC-AD92-463F-940D-59A7D02689C0}"
EndProject
Project("{FAE04EC0-301F-11D3-BF4B-00C04F79EFBC}") = "Expenses.Web", "Expenses.Web\Expenses.Web.csproj", "{264E21D6-4024-4A53-B1BE-1CD42F3348FE}"
EndProject
Project("{FAE04EC0-301F-11D3-BF4B-00C04F79EFBC}") = "Expenses.Common", "Expenses.Common\Expenses.Common.csproj", "{CBBB0C69-AB34-4286-973B-600A89318A23}"
EndProject
Project("{FAE04EC0-301F-11D3-BF4B-00C04F79EFBC}") = "Expenses.Test", "Expenses.Test\Expenses.Test.csproj", "{66ED5AF5-4D43-4DC8-A607-BA561A527691}"
EndProject
Global
	GlobalSection(SolutionConfigurationPlatforms) = preSolution
		Debug|Any CPU = Debug|Any CPU
		Release|Any CPU = Release|Any CPU
	EndGlobalSection
	GlobalSection(ProjectConfigurationPlatforms) = postSolution
		{264E21D6-4024-4A53-B1BE-1CD42F3348FE}.Debug|Any CPU.ActiveCfg = Debug|Any CPU
		{264E21D6-4024-4A53-B1BE-1CD42F3348FE}.Debug|Any CPU.Build.0 = Debug|Any CPU
		{264E21D6-4024-4A53-B1BE-1CD42F3348FE}.Release|Any CPU.ActiveCfg = Release|Any CPU
		{264E21D6-4024-4A53-B1BE-1CD42F3348FE}.Release|Any CPU.Build.0 = Release|Any CPU
		{51A74DCC-AD92-463F-940D-59A7D02689C0}.Debug|Any CPU.ActiveCfg = Debug|Any CPU
		{51A74DCC-AD92-463F-940D-59A7D02689C0}.Debug|Any CPU.Build.0 = Debug|Any CPU
		{51A74DCC-AD92-463F-940D-59A7D02689C0}.Release|Any CPU.ActiveCfg = Release|Any CPU
		{51A74DCC-AD92-463F-940D-59A7D02689C0}.Release|Any CPU.Build.0 = Release|Any CPU
		{66ED5AF5-4D43-4DC8-A607-BA561A527691}.Debug|Any CPU.ActiveCfg = Debug|Any CPU
		{66ED5AF5-4D43-4DC8-A607-BA561A527691}.Debug|Any CPU.Build.0 = Debug|Any CPU
		{66ED5AF5-4D43-4DC8-A607-BA561A527691}.Release|Any CPU.ActiveCfg = Release|Any CPU
		{66ED5AF5-4D43-4DC8-A607-BA561A527691}.Release|Any CPU.Build.0 = Release|Any CPU
		{CBBB0C69-AB34-4286-973B-600A89318A23}.Debug|Any CPU.ActiveCfg = Debug|Any CPU
		{CBBB0C69-AB34-4286-973B-600A89318A23}.Debug|Any CPU.Build.0 = Debug|Any CPU
		{CBBB0C69-AB34-4286-973B-600A89318A23}.Release|Any CPU.ActiveCfg = Release|Any CPU
		{CBBB0C69-AB34-4286-973B-600A89318A23}.Release|Any CPU.Build.0 = Release|Any CPU
	EndGlobalSection
	GlobalSection(MonoDevelopProperties) = preSolution
		Policies = $0
		$0.TextStylePolicy = $1
		$1.FileWidth = 120
		$1.inheritsSet = VisualStudio
		$1.inheritsScope = text/plain
		$1.scope = text/x-csharp
		$0.CSharpFormattingPolicy = $2
		$2.AfterDelegateDeclarationParameterComma = True
		$2.inheritsSet = Mono
		$2.inheritsScope = text/x-csharp
		$2.scope = text/x-csharp
		$0.TextStylePolicy = $3
		$3.inheritsSet = null
		$3.scope = text/x-cshtml
	EndGlobalSection
EndGlobal
